
Microsoft Visual Studio Solution File, Format Version 12.00
# Visual Studio Express 2012 for Windows Desktop
Project("{8BC9CEB8-8B4A-11D0-8D11-00A0C91BC942}") = "Game", "Game\Game.vcxproj", "{091322C4-584A-4E69-8A1C-A124358052D5}"
EndProject
Project("{8BC9CEB8-8B4A-11D0-8D11-00A0C91BC942}") = "BulletCollision", "C:\Ogre\bullet-2.82-r2704\build\vs2012\BulletCollision.vcxproj", "{367047EB-795E-4044-8D08-BBABE7B8761B}"
EndProject
Project("{8BC9CEB8-8B4A-11D0-8D11-00A0C91BC942}") = "BulletDynamics", "C:\Ogre\bullet-2.82-r2704\build\vs2012\BulletDynamics.vcxproj", "{9F8BBA90-65C2-4647-92CA-A26745BBAB2C}"
EndProject
Project("{8BC9CEB8-8B4A-11D0-8D11-00A0C91BC942}") = "LinearMath", "C:\Ogre\bullet-2.82-r2704\build\vs2012\LinearMath.vcxproj", "{F395D763-5CA8-C847-AA1A-3365EE6244AC}"
EndProject
Global
	GlobalSection(SolutionConfigurationPlatforms) = preSolution
		Debug|Win32 = Debug|Win32
		Debug|x64 = Debug|x64
		Release|Win32 = Release|Win32
		Release|x64 = Release|x64
	EndGlobalSection
	GlobalSection(ProjectConfigurationPlatforms) = postSolution
		{091322C4-584A-4E69-8A1C-A124358052D5}.Debug|Win32.ActiveCfg = Debug|Win32
		{091322C4-584A-4E69-8A1C-A124358052D5}.Debug|Win32.Build.0 = Debug|Win32
		{091322C4-584A-4E69-8A1C-A124358052D5}.Debug|x64.ActiveCfg = Debug|Win32
		{091322C4-584A-4E69-8A1C-A124358052D5}.Release|Win32.ActiveCfg = Release|Win32
		{091322C4-584A-4E69-8A1C-A124358052D5}.Release|Win32.Build.0 = Release|Win32
		{091322C4-584A-4E69-8A1C-A124358052D5}.Release|x64.ActiveCfg = Release|Win32
		{367047EB-795E-4044-8D08-BBABE7B8761B}.Debug|Win32.ActiveCfg = Debug|Win32
		{367047EB-795E-4044-8D08-BBABE7B8761B}.Debug|Win32.Build.0 = Debug|Win32
		{367047EB-795E-4044-8D08-BBABE7B8761B}.Debug|x64.ActiveCfg = Debug|x64
		{367047EB-795E-4044-8D08-BBABE7B8761B}.Debug|x64.Build.0 = Debug|x64
		{367047EB-795E-4044-8D08-BBABE7B8761B}.Release|Win32.ActiveCfg = Release|Win32
		{367047EB-795E-4044-8D08-BBABE7B8761B}.Release|Win32.Build.0 = Release|Win32
		{367047EB-795E-4044-8D08-BBABE7B8761B}.Release|x64.ActiveCfg = Release|x64
		{367047EB-795E-4044-8D08-BBABE7B8761B}.Release|x64.Build.0 = Release|x64
		{9F8BBA90-65C2-4647-92CA-A26745BBAB2C}.Debug|Win32.ActiveCfg = Debug|Win32
		{9F8BBA90-65C2-4647-92CA-A26745BBAB2C}.Debug|Win32.Build.0 = Debug|Win32
		{9F8BBA90-65C2-4647-92CA-A26745BBAB2C}.Debug|x64.ActiveCfg = Debug|x64
		{9F8BBA90-65C2-4647-92CA-A26745BBAB2C}.Debug|x64.Build.0 = Debug|x64
		{9F8BBA90-65C2-4647-92CA-A26745BBAB2C}.Release|Win32.ActiveCfg = Release|Win32
		{9F8BBA90-65C2-4647-92CA-A26745BBAB2C}.Release|Win32.Build.0 = Release|Win32
		{9F8BBA90-65C2-4647-92CA-A26745BBAB2C}.Release|x64.ActiveCfg = Release|x64
		{9F8BBA90-65C2-4647-92CA-A26745BBAB2C}.Release|x64.Build.0 = Release|x64
		{F395D763-5CA8-C847-AA1A-3365EE6244AC}.Debug|Win32.ActiveCfg = Debug|Win32
		{F395D763-5CA8-C847-AA1A-3365EE6244AC}.Debug|Win32.Build.0 = Debug|Win32
		{F395D763-5CA8-C847-AA1A-3365EE6244AC}.Debug|x64.ActiveCfg = Debug|x64
		{F395D763-5CA8-C847-AA1A-3365EE6244AC}.Debug|x64.Build.0 = Debug|x64
		{F395D763-5CA8-C847-AA1A-3365EE6244AC}.Release|Win32.ActiveCfg = Release|Win32
		{F395D763-5CA8-C847-AA1A-3365EE6244AC}.Release|Win32.Build.0 = Release|Win32
		{F395D763-5CA8-C847-AA1A-3365EE6244AC}.Release|x64.ActiveCfg = Release|x64
		{F395D763-5CA8-C847-AA1A-3365EE6244AC}.Release|x64.Build.0 = Release|x64
	EndGlobalSection
	GlobalSection(SolutionProperties) = preSolution
		HideSolutionNode = FALSE
	EndGlobalSection
EndGlobal
