
Microsoft Visual Studio Solution File, Format Version 12.00
# Visual Studio Express 2012 for Windows Desktop
Project("{8BC9CEB8-8B4A-11D0-8D11-00A0C91BC942}") = "Game", "Game\Game.vcxproj", "{091322C4-584A-4E69-8A1C-A124358052D5}"
EndProject
Project("{8BC9CEB8-8B4A-11D0-8D11-00A0C91BC942}") = "BulletCollision", "C:\Ogre\bullet-2.82-r2704\build\vs2012\BulletCollision.vcxproj", "{A98CCC0D-F10D-7A48-BE8B-7A20D78F15FC}"
EndProject
Project("{8BC9CEB8-8B4A-11D0-8D11-00A0C91BC942}") = "BulletDynamics", "C:\Ogre\bullet-2.82-r2704\build\vs2012\BulletDynamics.vcxproj", "{F37EC149-4B6C-034B-98B5-9BEF8778FDD4}"
EndProject
Project("{8BC9CEB8-8B4A-11D0-8D11-00A0C91BC942}") = "LinearMath", "C:\Ogre\bullet-2.82-r2704\build\vs2012\LinearMath.vcxproj", "{6CC091DA-9E3A-B54E-BD87-D318C5990406}"
EndProject
Global
	GlobalSection(SolutionConfigurationPlatforms) = preSolution
		Debug|Win32 = Debug|Win32
		Debug|x64 = Debug|x64
		Release|Win32 = Release|Win32
		Release|x64 = Release|x64
	EndGlobalSection
	GlobalSection(ProjectConfigurationPlatforms) = postSolution
		{091322C4-584A-4E69-8A1C-A124358052D5}.Debug|Win32.ActiveCfg = Debug|Win32
		{091322C4-584A-4E69-8A1C-A124358052D5}.Debug|Win32.Build.0 = Debug|Win32
		{091322C4-584A-4E69-8A1C-A124358052D5}.Debug|x64.ActiveCfg = Debug|Win32
		{091322C4-584A-4E69-8A1C-A124358052D5}.Release|Win32.ActiveCfg = Release|Win32
		{091322C4-584A-4E69-8A1C-A124358052D5}.Release|Win32.Build.0 = Release|Win32
		{091322C4-584A-4E69-8A1C-A124358052D5}.Release|x64.ActiveCfg = Release|Win32
		{A98CCC0D-F10D-7A48-BE8B-7A20D78F15FC}.Debug|Win32.ActiveCfg = Debug|Win32
		{A98CCC0D-F10D-7A48-BE8B-7A20D78F15FC}.Debug|Win32.Build.0 = Debug|Win32
		{A98CCC0D-F10D-7A48-BE8B-7A20D78F15FC}.Debug|x64.ActiveCfg = Debug|x64
		{A98CCC0D-F10D-7A48-BE8B-7A20D78F15FC}.Debug|x64.Build.0 = Debug|x64
		{A98CCC0D-F10D-7A48-BE8B-7A20D78F15FC}.Release|Win32.ActiveCfg = Release|Win32
		{A98CCC0D-F10D-7A48-BE8B-7A20D78F15FC}.Release|Win32.Build.0 = Release|Win32
		{A98CCC0D-F10D-7A48-BE8B-7A20D78F15FC}.Release|x64.ActiveCfg = Release|x64
		{A98CCC0D-F10D-7A48-BE8B-7A20D78F15FC}.Release|x64.Build.0 = Release|x64
		{F37EC149-4B6C-034B-98B5-9BEF8778FDD4}.Debug|Win32.ActiveCfg = Debug|Win32
		{F37EC149-4B6C-034B-98B5-9BEF8778FDD4}.Debug|Win32.Build.0 = Debug|Win32
		{F37EC149-4B6C-034B-98B5-9BEF8778FDD4}.Debug|x64.ActiveCfg = Debug|x64
		{F37EC149-4B6C-034B-98B5-9BEF8778FDD4}.Debug|x64.Build.0 = Debug|x64
		{F37EC149-4B6C-034B-98B5-9BEF8778FDD4}.Release|Win32.ActiveCfg = Release|Win32
		{F37EC149-4B6C-034B-98B5-9BEF8778FDD4}.Release|Win32.Build.0 = Release|Win32
		{F37EC149-4B6C-034B-98B5-9BEF8778FDD4}.Release|x64.ActiveCfg = Release|x64
		{F37EC149-4B6C-034B-98B5-9BEF8778FDD4}.Release|x64.Build.0 = Release|x64
		{6CC091DA-9E3A-B54E-BD87-D318C5990406}.Debug|Win32.ActiveCfg = Debug|Win32
		{6CC091DA-9E3A-B54E-BD87-D318C5990406}.Debug|Win32.Build.0 = Debug|Win32
		{6CC091DA-9E3A-B54E-BD87-D318C5990406}.Debug|x64.ActiveCfg = Debug|x64
		{6CC091DA-9E3A-B54E-BD87-D318C5990406}.Debug|x64.Build.0 = Debug|x64
		{6CC091DA-9E3A-B54E-BD87-D318C5990406}.Release|Win32.ActiveCfg = Release|Win32
		{6CC091DA-9E3A-B54E-BD87-D318C5990406}.Release|Win32.Build.0 = Release|Win32
		{6CC091DA-9E3A-B54E-BD87-D318C5990406}.Release|x64.ActiveCfg = Release|x64
		{6CC091DA-9E3A-B54E-BD87-D318C5990406}.Release|x64.Build.0 = Release|x64
	EndGlobalSection
	GlobalSection(SolutionProperties) = preSolution
		HideSolutionNode = FALSE
	EndGlobalSection
EndGlobal
